
Microsoft Visual Studio Solution File, Format Version 12.00
# Visual Studio Version 17
VisualStudioVersion = 17.14.37411.7 d17.14
MinimumVisualStudioVersion = 10.0.40219.1
Project("{FAE04EC0-301F-11D3-BF4B-00C04F79EFBC}") = "QuanLyTTBTv2", "QuanLyTTBTv2\QuanLyTTBTv2.csproj", "{8819DE49-C50C-4F23-B135-B5483B8670B8}"
EndProject
Project("{FAE04EC0-301F-11D3-BF4B-00C04F79EFBC}") = "MsBox.Avalonia", "MsBox.Avalonia\MsBox.Avalonia.csproj", "{81DB80D2-35EB-479F-9DD3-577C110B7EA3}"
EndProject
Project("{FAE04EC0-301F-11D3-BF4B-00C04F79EFBC}") = "NCMAvaControls", "NCMAvaControls\NCMAvaControls.csproj", "{2E5D8F9A-2102-4710-9EB5-D14AEDBBA718}"
EndProject
Global
	GlobalSection(SolutionConfigurationPlatforms) = preSolution
		Debug|Any CPU = Debug|Any CPU
		Release|Any CPU = Release|Any CPU
	EndGlobalSection
	GlobalSection(ProjectConfigurationPlatforms) = postSolution
		{8819DE49-C50C-4F23-B135-B5483B8670B8}.Debug|Any CPU.ActiveCfg = Debug|Any CPU
		{8819DE49-C50C-4F23-B135-B5483B8670B8}.Debug|Any CPU.Build.0 = Debug|Any CPU
		{8819DE49-C50C-4F23-B135-B5483B8670B8}.Release|Any CPU.ActiveCfg = Release|Any CPU
		{8819DE49-C50C-4F23-B135-B5483B8670B8}.Release|Any CPU.Build.0 = Release|Any CPU
		{81DB80D2-35EB-479F-9DD3-577C110B7EA3}.Debug|Any CPU.ActiveCfg = Debug|Any CPU
		{81DB80D2-35EB-479F-9DD3-577C110B7EA3}.Debug|Any CPU.Build.0 = Debug|Any CPU
		{81DB80D2-35EB-479F-9DD3-577C110B7EA3}.Release|Any CPU.ActiveCfg = Release|Any CPU
		{81DB80D2-35EB-479F-9DD3-577C110B7EA3}.Release|Any CPU.Build.0 = Release|Any CPU
		{2E5D8F9A-2102-4710-9EB5-D14AEDBBA718}.Debug|Any CPU.ActiveCfg = Debug|Any CPU
		{2E5D8F9A-2102-4710-9EB5-D14AEDBBA718}.Debug|Any CPU.Build.0 = Debug|Any CPU
		{2E5D8F9A-2102-4710-9EB5-D14AEDBBA718}.Release|Any CPU.ActiveCfg = Release|Any CPU
		{2E5D8F9A-2102-4710-9EB5-D14AEDBBA718}.Release|Any CPU.Build.0 = Release|Any CPU
	EndGlobalSection
	GlobalSection(SolutionProperties) = preSolution
		HideSolutionNode = FALSE
	EndGlobalSection
	GlobalSection(ExtensibilityGlobals) = postSolution
		SolutionGuid = {D1BF4DDD-BD7D-4B7A-9933-CA38B5F9BB4B}
	EndGlobalSection
EndGlobal
